
Microsoft Visual Studio Solution File, Format Version 12.00
# Visual Studio Version 16
VisualStudioVersion = 16.0.31729.503
MinimumVisualStudioVersion = 10.0.40219.1
Project("{FAE04EC0-301F-11D3-BF4B-00C04F79EFBC}") = "Флорист_Desktop", "Флорист_Desktop\Флорист_Desktop.csproj", "{CADFDDFA-DF6D-43F1-8024-5830DACB3ED2}"
EndProject
Global
	GlobalSection(SolutionConfigurationPlatforms) = preSolution
		Debug|Any CPU = Debug|Any CPU
		Release|Any CPU = Release|Any CPU
	EndGlobalSection
	GlobalSection(ProjectConfigurationPlatforms) = postSolution
		{CADFDDFA-DF6D-43F1-8024-5830DACB3ED2}.Debug|Any CPU.ActiveCfg = Debug|Any CPU
		{CADFDDFA-DF6D-43F1-8024-5830DACB3ED2}.Debug|Any CPU.Build.0 = Debug|Any CPU
		{CADFDDFA-DF6D-43F1-8024-5830DACB3ED2}.Release|Any CPU.ActiveCfg = Release|Any CPU
		{CADFDDFA-DF6D-43F1-8024-5830DACB3ED2}.Release|Any CPU.Build.0 = Release|Any CPU
	EndGlobalSection
	GlobalSection(SolutionProperties) = preSolution
		HideSolutionNode = FALSE
	EndGlobalSection
	GlobalSection(ExtensibilityGlobals) = postSolution
		SolutionGuid = {87B67B75-8436-4E6F-BB90-614D78DC8B6C}
	EndGlobalSection
EndGlobal
